
Microsoft Visual Studio Solution File, Format Version 12.00
# Visual Studio Version 17
VisualStudioVersion = 17.8.34316.72
MinimumVisualStudioVersion = 10.0.40219.1
Project("{FAE04EC0-301F-11D3-BF4B-00C04F79EFBC}") = "Modulo01", "Modulo01\Modulo01.csproj", "{798EA606-D659-4A6D-B04E-8BA861977D8C}"
EndProject
Project("{FAE04EC0-301F-11D3-BF4B-00C04F79EFBC}") = "Calculadora", "Calculadora\Calculadora.csproj", "{194A12B6-9ED5-4113-A87C-C6A303E7BAE9}"
EndProject
Project("{FAE04EC0-301F-11D3-BF4B-00C04F79EFBC}") = "CalculadoraTeste", "CalculadoraTeste\CalculadoraTeste.csproj", "{AF7E4E07-8332-4D25-B543-84ED2286E2D8}"
EndProject
Project("{FAE04EC0-301F-11D3-BF4B-00C04F79EFBC}") = "Banco", "Banco\Banco.csproj", "{178FA685-F90B-4915-86BA-6D2CFE8E0161}"
EndProject
Project("{FAE04EC0-301F-11D3-BF4B-00C04F79EFBC}") = "BancoTeste", "BancoTeste\BancoTeste.csproj", "{326D731F-CD8E-4A0D-86F4-90046AC039E4}"
EndProject
Global
	GlobalSection(SolutionConfigurationPlatforms) = preSolution
		Debug|Any CPU = Debug|Any CPU
		Release|Any CPU = Release|Any CPU
	EndGlobalSection
	GlobalSection(ProjectConfigurationPlatforms) = postSolution
		{798EA606-D659-4A6D-B04E-8BA861977D8C}.Debug|Any CPU.ActiveCfg = Debug|Any CPU
		{798EA606-D659-4A6D-B04E-8BA861977D8C}.Debug|Any CPU.Build.0 = Debug|Any CPU
		{798EA606-D659-4A6D-B04E-8BA861977D8C}.Release|Any CPU.ActiveCfg = Release|Any CPU
		{798EA606-D659-4A6D-B04E-8BA861977D8C}.Release|Any CPU.Build.0 = Release|Any CPU
		{194A12B6-9ED5-4113-A87C-C6A303E7BAE9}.Debug|Any CPU.ActiveCfg = Debug|Any CPU
		{194A12B6-9ED5-4113-A87C-C6A303E7BAE9}.Debug|Any CPU.Build.0 = Debug|Any CPU
		{194A12B6-9ED5-4113-A87C-C6A303E7BAE9}.Release|Any CPU.ActiveCfg = Release|Any CPU
		{194A12B6-9ED5-4113-A87C-C6A303E7BAE9}.Release|Any CPU.Build.0 = Release|Any CPU
		{AF7E4E07-8332-4D25-B543-84ED2286E2D8}.Debug|Any CPU.ActiveCfg = Debug|Any CPU
		{AF7E4E07-8332-4D25-B543-84ED2286E2D8}.Debug|Any CPU.Build.0 = Debug|Any CPU
		{AF7E4E07-8332-4D25-B543-84ED2286E2D8}.Release|Any CPU.ActiveCfg = Release|Any CPU
		{AF7E4E07-8332-4D25-B543-84ED2286E2D8}.Release|Any CPU.Build.0 = Release|Any CPU
		{178FA685-F90B-4915-86BA-6D2CFE8E0161}.Debug|Any CPU.ActiveCfg = Debug|Any CPU
		{178FA685-F90B-4915-86BA-6D2CFE8E0161}.Debug|Any CPU.Build.0 = Debug|Any CPU
		{178FA685-F90B-4915-86BA-6D2CFE8E0161}.Release|Any CPU.ActiveCfg = Release|Any CPU
		{178FA685-F90B-4915-86BA-6D2CFE8E0161}.Release|Any CPU.Build.0 = Release|Any CPU
		{326D731F-CD8E-4A0D-86F4-90046AC039E4}.Debug|Any CPU.ActiveCfg = Debug|Any CPU
		{326D731F-CD8E-4A0D-86F4-90046AC039E4}.Debug|Any CPU.Build.0 = Debug|Any CPU
		{326D731F-CD8E-4A0D-86F4-90046AC039E4}.Release|Any CPU.ActiveCfg = Release|Any CPU
		{326D731F-CD8E-4A0D-86F4-90046AC039E4}.Release|Any CPU.Build.0 = Release|Any CPU
	EndGlobalSection
	GlobalSection(SolutionProperties) = preSolution
		HideSolutionNode = FALSE
	EndGlobalSection
	GlobalSection(ExtensibilityGlobals) = postSolution
		SolutionGuid = {4D4839C9-611A-4ABF-82ED-39AF1D96F6D0}
	EndGlobalSection
EndGlobal
